
Microsoft Visual Studio Solution File, Format Version 12.00
Project("{FAE04EC0-301F-11D3-BF4B-00C04F79EFBC}") = "BlogApp.Web", "BlogApp.Web\BlogApp.Web.csproj", "{B80D848D-E661-4F97-AEB2-FA656577EFDB}"
EndProject
Project("{FAE04EC0-301F-11D3-BF4B-00C04F79EFBC}") = "BlogApp.Entity", "BlogApp.Entity\BlogApp.Entity.csproj", "{E2A2438C-34F4-4828-B241-6A15127F7E1C}"
EndProject
Project("{FAE04EC0-301F-11D3-BF4B-00C04F79EFBC}") = "BlogApp.Data", "BlogApp.Data\BlogApp.Data.csproj", "{82E9BA88-BC6B-4429-A27D-946113DE2819}"
EndProject
Global
	GlobalSection(SolutionConfigurationPlatforms) = preSolution
		Debug|Any CPU = Debug|Any CPU
		Release|Any CPU = Release|Any CPU
	EndGlobalSection
	GlobalSection(ProjectConfigurationPlatforms) = postSolution
		{B80D848D-E661-4F97-AEB2-FA656577EFDB}.Debug|Any CPU.ActiveCfg = Debug|Any CPU
		{B80D848D-E661-4F97-AEB2-FA656577EFDB}.Debug|Any CPU.Build.0 = Debug|Any CPU
		{B80D848D-E661-4F97-AEB2-FA656577EFDB}.Release|Any CPU.ActiveCfg = Release|Any CPU
		{B80D848D-E661-4F97-AEB2-FA656577EFDB}.Release|Any CPU.Build.0 = Release|Any CPU
		{E2A2438C-34F4-4828-B241-6A15127F7E1C}.Debug|Any CPU.ActiveCfg = Debug|Any CPU
		{E2A2438C-34F4-4828-B241-6A15127F7E1C}.Debug|Any CPU.Build.0 = Debug|Any CPU
		{E2A2438C-34F4-4828-B241-6A15127F7E1C}.Release|Any CPU.ActiveCfg = Release|Any CPU
		{E2A2438C-34F4-4828-B241-6A15127F7E1C}.Release|Any CPU.Build.0 = Release|Any CPU
		{82E9BA88-BC6B-4429-A27D-946113DE2819}.Debug|Any CPU.ActiveCfg = Debug|Any CPU
		{82E9BA88-BC6B-4429-A27D-946113DE2819}.Debug|Any CPU.Build.0 = Debug|Any CPU
		{82E9BA88-BC6B-4429-A27D-946113DE2819}.Release|Any CPU.ActiveCfg = Release|Any CPU
		{82E9BA88-BC6B-4429-A27D-946113DE2819}.Release|Any CPU.Build.0 = Release|Any CPU
	EndGlobalSection
EndGlobal
